{
  "name": "dva-vue-standrad",
  "version": "1.0.0",
  "lockfileVersion": 1,
  "requires": true,
  "dependencies": {
    "babel-runtime": {
      "version": "6.26.0",
      "resolved": "http://registry.npm.taobao.org/babel-runtime/download/babel-runtime-6.26.0.tgz",
      "integrity": "sha1-llxwWGaOgrVde/4E/yM3vItWR/4=",
      "requires": {
        "core-js": "2.5.2",
        "regenerator-runtime": "0.11.1"
      }
    },
    "core-js": {
      "version": "2.5.2",
      "resolved": "http://registry.npm.taobao.org/core-js/download/core-js-2.5.2.tgz",
      "integrity": "sha1-vEZIZW59ydyA19PHu8Fy2W50TmM="
    },
    "deep-diff": {
      "version": "0.3.8",
      "resolved": "http://registry.npm.taobao.org/deep-diff/download/deep-diff-0.3.8.tgz",
      "integrity": "sha1-wB3mPvsO7JeYgB1Ax+Da4ltYLIQ=",
      "dev": true
    },
    "dom-walk": {
      "version": "0.1.1",
      "resolved": "http://registry.npm.taobao.org/dom-walk/download/dom-walk-0.1.1.tgz",
      "integrity": "sha1-ZyIm3HTI95mtNTB9+TaroRrNYBg="
    },
    "dva-core": {
      "version": "1.1.0",
      "resolved": "http://registry.npm.taobao.org/dva-core/download/dva-core-1.1.0.tgz",
      "integrity": "sha1-ojGv3eDw7pg4vMSvwIQ9oPFns/U=",
      "requires": {
        "babel-runtime": "6.26.0",
        "flatten": "1.0.2",
        "global": "4.3.2",
        "invariant": "2.2.2",
        "is-plain-object": "2.0.4",
        "redux": "3.7.2",
        "redux-saga": "0.15.6",
        "warning": "3.0.0"
      }
    },
    "dva-vue-c": {
      "version": "0.1.0",
      "resolved": "https://registry.npmjs.org/dva-vue-c/-/dva-vue-c-0.1.0.tgz",
      "integrity": "sha512-Vv+Fn51JOBC9TInQvQeXVrwVGCU1ybkourWOOH84q9MBtmbRNAybetAzHp926q0MJKFhjj6U1o0iukao3FyUOg==",
      "requires": {
        "dva-core": "1.1.0",
        "invariant": "2.2.2",
        "vue-router": "3.0.1"
      },
      "dependencies": {
        "vue-router": {
          "version": "3.0.1",
          "resolved": "https://registry.npmjs.org/vue-router/-/vue-router-3.0.1.tgz",
          "integrity": "sha512-vLLoY452L+JBpALMP5UHum9+7nzR9PeIBCghU9ZtJ1eWm6ieUI8Zb/DI3MYxH32bxkjzYV1LRjNv4qr8d+uX/w=="
        }
      }
    },
    "flatten": {
      "version": "1.0.2",
      "resolved": "http://registry.npm.taobao.org/flatten/download/flatten-1.0.2.tgz",
      "integrity": "sha1-2uRqnXj74lKSJYzB54CkHZXAN4I="
    },
    "global": {
      "version": "4.3.2",
      "resolved": "http://registry.npm.taobao.org/global/download/global-4.3.2.tgz",
      "integrity": "sha1-52mJJopsdMOJCLEwWxD8DjlOnQ8=",
      "requires": {
        "min-document": "2.19.0",
        "process": "0.5.2"
      }
    },
    "invariant": {
      "version": "2.2.2",
      "resolved": "http://registry.npm.taobao.org/invariant/download/invariant-2.2.2.tgz",
      "integrity": "sha1-nh9WrArNtr8wMwbzOL47IErmA2A=",
      "requires": {
        "loose-envify": "1.3.1"
      }
    },
    "is-plain-object": {
      "version": "2.0.4",
      "resolved": "http://registry.npm.taobao.org/is-plain-object/download/is-plain-object-2.0.4.tgz",
      "integrity": "sha1-LBY7P6+xtgbZ0Xko8FwqHDjgdnc=",
      "requires": {
        "isobject": "3.0.1"
      }
    },
    "isobject": {
      "version": "3.0.1",
      "resolved": "http://registry.npm.taobao.org/isobject/download/isobject-3.0.1.tgz",
      "integrity": "sha1-TkMekrEalzFjaqH5yNHMvP2reN8="
    },
    "js-tokens": {
      "version": "3.0.2",
      "resolved": "http://registry.npm.taobao.org/js-tokens/download/js-tokens-3.0.2.tgz",
      "integrity": "sha1-mGbfOVECEw449/mWvOtlRDIJwls="
    },
    "lodash": {
      "version": "4.17.4",
      "resolved": "http://registry.npm.taobao.org/lodash/download/lodash-4.17.4.tgz",
      "integrity": "sha1-eCA6TRwyiuHYbcpkYONptX9AVa4="
    },
    "lodash-es": {
      "version": "4.17.4",
      "resolved": "http://registry.npm.taobao.org/lodash-es/download/lodash-es-4.17.4.tgz",
      "integrity": "sha1-3MHXVS4VCgZABzupyzHXDwMpUOc="
    },
    "loose-envify": {
      "version": "1.3.1",
      "resolved": "http://registry.npm.taobao.org/loose-envify/download/loose-envify-1.3.1.tgz",
      "integrity": "sha1-0aitM/qc4OcT1l/dCsi3SNR4yEg=",
      "requires": {
        "js-tokens": "3.0.2"
      }
    },
    "min-document": {
      "version": "2.19.0",
      "resolved": "http://registry.npm.taobao.org/min-document/download/min-document-2.19.0.tgz",
      "integrity": "sha1-e9KC4/WELtKVu3SM3Z8f+iyCRoU=",
      "requires": {
        "dom-walk": "0.1.1"
      }
    },
    "process": {
      "version": "0.5.2",
      "resolved": "http://registry.npm.taobao.org/process/download/process-0.5.2.tgz",
      "integrity": "sha1-FjjYqONML0QKkduVq5rrZ3/Bhc8="
    },
    "redux": {
      "version": "3.7.2",
      "resolved": "http://registry.npm.taobao.org/redux/download/redux-3.7.2.tgz",
      "integrity": "sha1-BrcxIyFZAdJdBlvjQusCa8HIU3s=",
      "requires": {
        "lodash": "4.17.4",
        "lodash-es": "4.17.4",
        "loose-envify": "1.3.1",
        "symbol-observable": "1.1.0"
      }
    },
    "redux-logger": {
      "version": "3.0.6",
      "resolved": "http://registry.npm.taobao.org/redux-logger/download/redux-logger-3.0.6.tgz",
      "integrity": "sha1-91VZZvMJjzyIYExEnPC69XeCdL8=",
      "dev": true,
      "requires": {
        "deep-diff": "0.3.8"
      }
    },
    "redux-saga": {
      "version": "0.15.6",
      "resolved": "http://registry.npm.taobao.org/redux-saga/download/redux-saga-0.15.6.tgz",
      "integrity": "sha1-hjjcUi3mxsCklv6LK1RmKHrC3E0="
    },
    "regenerator-runtime": {
      "version": "0.11.1",
      "resolved": "http://registry.npm.taobao.org/regenerator-runtime/download/regenerator-runtime-0.11.1.tgz",
      "integrity": "sha1-vgWtf5v30i4Fb5cmzuUBf78Z4uk="
    },
    "symbol-observable": {
      "version": "1.1.0",
      "resolved": "http://registry.npm.taobao.org/symbol-observable/download/symbol-observable-1.1.0.tgz",
      "integrity": "sha1-XGj9jVQRXZ37cqhHIFSSIujbmzI="
    },
    "warning": {
      "version": "3.0.0",
      "resolved": "http://registry.npm.taobao.org/warning/download/warning-3.0.0.tgz",
      "integrity": "sha1-MuU3fLVy3kqwR1O9+IIcAe1gW3w=",
      "requires": {
        "loose-envify": "1.3.1"
      }
    }
  }
}
